{
  "pins" : [
    {
      "identity" : "hippolyte",
      "kind" : "remoteSourceControl",
      "location" : "https://github.com/Perpetual-Altruism-Ltd/hippolyte",
      "state" : {
        "revision" : "6f01393bf28bc088e695949da0ad700078189b18",
        "version" : "1.4.0"
      }
    }
  ],
  "version" : 2
}
